// !$*UTF8*$!
{
	archiveVersion = 1;
	classes = {
	};
	objectVersion = 50;
	objects = {

/* Begin PBXBuildFile section */
		AC11CA7C2247B5B800805799 /* TrackController.swift in Sources */ = {isa = PBXBuildFile; fileRef = AC11CA7B2247B5B800805799 /* TrackController.swift */; };
		AC11CA7E2247C85200805799 /* TracksTableViewController.swift in Sources */ = {isa = PBXBuildFile; fileRef = AC11CA7D2247C85200805799 /* TracksTableViewController.swift */; };
		ACB94BDA2242B4310094E978 /* AppDelegate.swift in Sources */ = {isa = PBXBuildFile; fileRef = ACB94BD92242B4310094E978 /* AppDelegate.swift */; };
		ACB94BDF2242B4310094E978 /* Main.storyboard in Resources */ = {isa = PBXBuildFile; fileRef = ACB94BDD2242B4310094E978 /* Main.storyboard */; };
		ACB94BE12242B4320094E978 /* Assets.xcassets in Resources */ = {isa = PBXBuildFile; fileRef = ACB94BE02242B4320094E978 /* Assets.xcassets */; };
		ACB94BE42242B4320094E978 /* LaunchScreen.storyboard in Resources */ = {isa = PBXBuildFile; fileRef = ACB94BE22242B4320094E978 /* LaunchScreen.storyboard */; };
		ACB94BEE2242B4C10094E978 /* Track.swift in Sources */ = {isa = PBXBuildFile; fileRef = ACB94BED2242B4C10094E978 /* Track.swift */; };
/* End PBXBuildFile section */

/* Begin PBXFileReference section */
		AC11CA7B2247B5B800805799 /* TrackController.swift */ = {isa = PBXFileReference; lastKnownFileType = sourcecode.swift; path = TrackController.swift; sourceTree = "<group>"; };
		AC11CA7D2247C85200805799 /* TracksTableViewController.swift */ = {isa = PBXFileReference; lastKnownFileType = sourcecode.swift; path = TracksTableViewController.swift; sourceTree = "<group>"; };
		ACB94BD62242B4310094E978 /* iTunesProject.app */ = {isa = PBXFileReference; explicitFileType = wrapper.application; includeInIndex = 0; path = iTunesProject.app; sourceTree = BUILT_PRODUCTS_DIR; };
		ACB94BD92242B4310094E978 /* AppDelegate.swift */ = {isa = PBXFileReference; lastKnownFileType = sourcecode.swift; path = AppDelegate.swift; sourceTree = "<group>"; };
		ACB94BDE2242B4310094E978 /* Base */ = {isa = PBXFileReference; lastKnownFileType = file.storyboard; name = Base; path = Base.lproj/Main.storyboard; sourceTree = "<group>"; };
		ACB94BE02242B4320094E978 /* Assets.xcassets */ = {isa = PBXFileReference; lastKnownFileType = folder.assetcatalog; path = Assets.xcassets; sourceTree = "<group>"; };
		ACB94BE32242B4320094E978 /* Base */ = {isa = PBXFileReference; lastKnownFileType = file.storyboard; name = Base; path = Base.lproj/LaunchScreen.storyboard; sourceTree = "<group>"; };
		ACB94BE52242B4320094E978 /* Info.plist */ = {isa = PBXFileReference; lastKnownFileType = text.plist.xml; path = Info.plist; sourceTree = "<group>"; };
		ACB94BED2242B4C10094E978 /* Track.swift */ = {isa = PBXFileReference; lastKnownFileType = sourcecode.swift; path = Track.swift; sourceTree = "<group>"; };
/* End PBXFileReference section */

/* Begin PBXFrameworksBuildPhase section */
		ACB94BD32242B4310094E978 /* Frameworks */ = {
			isa = PBXFrameworksBuildPhase;
			buildActionMask = 2147483647;
			files = (
			);
			runOnlyForDeploymentPostprocessing = 0;
		};
/* End PBXFrameworksBuildPhase section */

/* Begin PBXGroup section */
		AC11CA7F2247D80000805799 /* Controllers */ = {
			isa = PBXGroup;
			children = (
				AC11CA7B2247B5B800805799 /* TrackController.swift */,
				AC11CA7D2247C85200805799 /* TracksTableViewController.swift */,
			);
			path = Controllers;
			sourceTree = "<group>";
		};
		AC11CA802247D80700805799 /* Models */ = {
			isa = PBXGroup;
			children = (
				ACB94BED2242B4C10094E978 /* Track.swift */,
			);
			path = Models;
			sourceTree = "<group>";
		};
		AC11CA812247D80D00805799 /* Supporting files */ = {
			isa = PBXGroup;
			children = (
				ACB94BDD2242B4310094E978 /* Main.storyboard */,
				ACB94BD92242B4310094E978 /* AppDelegate.swift */,
				ACB94BE22242B4320094E978 /* LaunchScreen.storyboard */,
				ACB94BE02242B4320094E978 /* Assets.xcassets */,
			);
			name = "Supporting files";
			sourceTree = "<group>";
		};
		ACB94BCD2242B4310094E978 = {
			isa = PBXGroup;
			children = (
				ACB94BD82242B4310094E978 /* iTunesProject */,
				ACB94BD72242B4310094E978 /* Products */,
			);
			sourceTree = "<group>";
		};
		ACB94BD72242B4310094E978 /* Products */ = {
			isa = PBXGroup;
			children = (
				ACB94BD62242B4310094E978 /* iTunesProject.app */,
			);
			name = Products;
			sourceTree = "<group>";
		};
		ACB94BD82242B4310094E978 /* iTunesProject */ = {
			isa = PBXGroup;
			children = (
				AC11CA812247D80D00805799 /* Supporting files */,
				AC11CA802247D80700805799 /* Models */,
				AC11CA7F2247D80000805799 /* Controllers */,
				ACB94BE52242B4320094E978 /* Info.plist */,
			);
			path = iTunesProject;
			sourceTree = "<group>";
		};
/* End PBXGroup section */

/* Begin PBXNativeTarget section */
		ACB94BD52242B4310094E978 /* iTunesProject */ = {
			isa = PBXNativeTarget;
			buildConfigurationList = ACB94BE82242B4320094E978 /* Build configuration list for PBXNativeTarget "iTunesProject" */;
			buildPhases = (
				ACB94BD22242B4310094E978 /* Sources */,
				ACB94BD32242B4310094E978 /* Frameworks */,
				ACB94BD42242B4310094E978 /* Resources */,
			);
			buildRules = (
			);
			dependencies = (
			);
			name = iTunesProject;
			productName = iTunesProject;
			productReference = ACB94BD62242B4310094E978 /* iTunesProject.app */;
			productType = "com.apple.product-type.application";
		};
/* End PBXNativeTarget section */

/* Begin PBXProject section */
		ACB94BCE2242B4310094E978 /* Project object */ = {
			isa = PBXProject;
			attributes = {
				LastSwiftUpdateCheck = 1010;
				LastUpgradeCheck = 1010;
				ORGANIZATIONNAME = Gukov.space;
				TargetAttributes = {
					ACB94BD52242B4310094E978 = {
						CreatedOnToolsVersion = 10.1;
					};
				};
			};
			buildConfigurationList = ACB94BD12242B4310094E978 /* Build configuration list for PBXProject "iTunesProject" */;
			compatibilityVersion = "Xcode 9.3";
			developmentRegion = en;
			hasScannedForEncodings = 0;
			knownRegions = (
				en,
				Base,
			);
			mainGroup = ACB94BCD2242B4310094E978;
			productRefGroup = ACB94BD72242B4310094E978 /* Products */;
			projectDirPath = "";
			projectRoot = "";
			targets = (
				ACB94BD52242B4310094E978 /* iTunesProject */,
			);
		};
/* End PBXProject section */

/* Begin PBXResourcesBuildPhase section */
		ACB94BD42242B4310094E978 /* Resources */ = {
			isa = PBXResourcesBuildPhase;
			buildActionMask = 2147483647;
			files = (
				ACB94BE42242B4320094E978 /* LaunchScreen.storyboard in Resources */,
				ACB94BE12242B4320094E978 /* Assets.xcassets in Resources */,
				ACB94BDF2242B4310094E978 /* Main.storyboard in Resources */,
			);
			runOnlyForDeploymentPostprocessing = 0;
		};
/* End PBXResourcesBuildPhase section */

/* Begin PBXSourcesBuildPhase section */
		ACB94BD22242B4310094E978 /* Sources */ = {
			isa = PBXSourcesBuildPhase;
			buildActionMask = 2147483647;
			files = (
				AC11CA7C2247B5B800805799 /* TrackController.swift in Sources */,
				ACB94BDA2242B4310094E978 /* AppDelegate.swift in Sources */,
				AC11CA7E2247C85200805799 /* TracksTableViewController.swift in Sources */,
				ACB94BEE2242B4C10094E978 /* Track.swift in Sources */,
			);
			runOnlyForDeploymentPostprocessing = 0;
		};
/* End PBXSourcesBuildPhase section */

/* Begin PBXVariantGroup section */
		ACB94BDD2242B4310094E978 /* Main.storyboard */ = {
			isa = PBXVariantGroup;
			children = (
				ACB94BDE2242B4310094E978 /* Base */,
			);
			name = Main.storyboard;
			sourceTree = "<group>";
		};
		ACB94BE22242B4320094E978 /* LaunchScreen.storyboard */ = {
			isa = PBXVariantGroup;
			children = (
				ACB94BE32242B4320094E978 /* Base */,
			);
			name = LaunchScreen.storyboard;
			sourceTree = "<group>";
		};
/* End PBXVariantGroup section */

/* Begin XCBuildConfiguration section */
		ACB94BE62242B4320094E978 /* Debug */ = {
			isa = XCBuildConfiguration;
			buildSettings = {
				ALWAYS_SEARCH_USER_PATHS = NO;
				CLANG_ANALYZER_NONNULL = YES;
				CLANG_ANALYZER_NUMBER_OBJECT_CONVERSION = YES_AGGRESSIVE;
				CLANG_CXX_LANGUAGE_STANDARD = "gnu++14";
				CLANG_CXX_LIBRARY = "libc++";
				CLANG_ENABLE_MODULES = YES;
				CLANG_ENABLE_OBJC_ARC = YES;
				CLANG_ENABLE_OBJC_WEAK = YES;
				CLANG_WARN_BLOCK_CAPTURE_AUTORELEASING = YES;
				CLANG_WARN_BOOL_CONVERSION = YES;
				CLANG_WARN_COMMA = YES;
				CLANG_WARN_CONSTANT_CONVERSION = YES;
				CLANG_WARN_DEPRECATED_OBJC_IMPLEMENTATIONS = YES;
				CLANG_WARN_DIRECT_OBJC_ISA_USAGE = YES_ERROR;
				CLANG_WARN_DOCUMENTATION_COMMENTS = YES;
				CLANG_WARN_EMPTY_BODY = YES;
				CLANG_WARN_ENUM_CONVERSION = YES;
				CLANG_WARN_INFINITE_RECURSION = YES;
				CLANG_WARN_INT_CONVERSION = YES;
				CLANG_WARN_NON_LITERAL_NULL_CONVERSION = YES;
				CLANG_WARN_OBJC_IMPLICIT_RETAIN_SELF = YES;
				CLANG_WARN_OBJC_LITERAL_CONVERSION = YES;
				CLANG_WARN_OBJC_ROOT_CLASS = YES_ERROR;
				CLANG_WARN_RANGE_LOOP_ANALYSIS = YES;
				CLANG_WARN_STRICT_PROTOTYPES = YES;
				CLANG_WARN_SUSPICIOUS_MOVE = YES;
				CLANG_WARN_UNGUARDED_AVAILABILITY = YES_AGGRESSIVE;
				CLANG_WARN_UNREACHABLE_CODE = YES;
				CLANG_WARN__DUPLICATE_METHOD_MATCH = YES;
				CODE_SIGN_IDENTITY = "iPhone Developer";
				COPY_PHASE_STRIP = NO;
				DEBUG_INFORMATION_FORMAT = dwarf;
				ENABLE_STRICT_OBJC_MSGSEND = YES;
				ENABLE_TESTABILITY = YES;
				GCC_C_LANGUAGE_STANDARD = gnu11;
				GCC_DYNAMIC_NO_PIC = NO;
				GCC_NO_COMMON_BLOCKS = YES;
				GCC_OPTIMIZATION_LEVEL = 0;
				GCC_PREPROCESSOR_DEFINITIONS = (
					"DEBUG=1",
					"$(inherited)",
				);
				GCC_WARN_64_TO_32_BIT_CONVERSION = YES;
				GCC_WARN_ABOUT_RETURN_TYPE = YES_ERROR;
				GCC_WARN_UNDECLARED_SELECTOR = YES;
				GCC_WARN_UNINITIALIZED_AUTOS = YES_AGGRESSIVE;
				GCC_WARN_UNUSED_FUNCTION = YES;
				GCC_WARN_UNUSED_VARIABLE = YES;
				IPHONEOS_DEPLOYMENT_TARGET = 12.1;
				MTL_ENABLE_DEBUG_INFO = INCLUDE_SOURCE;
				MTL_FAST_MATH = YES;
				ONLY_ACTIVE_ARCH = YES;
				SDKROOT = iphoneos;
				SWIFT_ACTIVE_COMPILATION_CONDITIONS = DEBUG;
				SWIFT_OPTIMIZATION_LEVEL = "-Onone";
			};
			name = Debug;
		};
		ACB94BE72242B4320094E978 /* Release */ = {
			isa = XCBuildConfiguration;
			buildSettings = {
				ALWAYS_SEARCH_USER_PATHS = NO;
				CLANG_ANALYZER_NONNULL = YES;
				CLANG_ANALYZER_NUMBER_OBJECT_CONVERSION = YES_AGGRESSIVE;
				CLANG_CXX_LANGUAGE_STANDARD = "gnu++14";
				CLANG_CXX_LIBRARY = "libc++";
				CLANG_ENABLE_MODULES = YES;
				CLANG_ENABLE_OBJC_ARC = YES;
				CLANG_ENABLE_OBJC_WEAK = YES;
				CLANG_WARN_BLOCK_CAPTURE_AUTORELEASING = YES;
				CLANG_WARN_BOOL_CONVERSION = YES;
				CLANG_WARN_COMMA = YES;
				CLANG_WARN_CONSTANT_CONVERSION = YES;
				CLANG_WARN_DEPRECATED_OBJC_IMPLEMENTATIONS = YES;
				CLANG_WARN_DIRECT_OBJC_ISA_USAGE = YES_ERROR;
				CLANG_WARN_DOCUMENTATION_COMMENTS = YES;
				CLANG_WARN_EMPTY_BODY = YES;
				CLANG_WARN_ENUM_CONVERSION = YES;
				CLANG_WARN_INFINITE_RECURSION = YES;
				CLANG_WARN_INT_CONVERSION = YES;
				CLANG_WARN_NON_LITERAL_NULL_CONVERSION = YES;
				CLANG_WARN_OBJC_IMPLICIT_RETAIN_SELF = YES;
				CLANG_WARN_OBJC_LITERAL_CONVERSION = YES;
				CLANG_WARN_OBJC_ROOT_CLASS = YES_ERROR;
				CLANG_WARN_RANGE_LOOP_ANALYSIS = YES;
				CLANG_WARN_STRICT_PROTOTYPES = YES;
				CLANG_WARN_SUSPICIOUS_MOVE = YES;
				CLANG_WARN_UNGUARDED_AVAILABILITY = YES_AGGRESSIVE;
				CLANG_WARN_UNREACHABLE_CODE = YES;
				CLANG_WARN__DUPLICATE_METHOD_MATCH = YES;
				CODE_SIGN_IDENTITY = "iPhone Developer";
				COPY_PHASE_STRIP = NO;
				DEBUG_INFORMATION_FORMAT = "dwarf-with-dsym";
				ENABLE_NS_ASSERTIONS = NO;
				ENABLE_STRICT_OBJC_MSGSEND = YES;
				GCC_C_LANGUAGE_STANDARD = gnu11;
				GCC_NO_COMMON_BLOCKS = YES;
				GCC_WARN_64_TO_32_BIT_CONVERSION = YES;
				GCC_WARN_ABOUT_RETURN_TYPE = YES_ERROR;
				GCC_WARN_UNDECLARED_SELECTOR = YES;
				GCC_WARN_UNINITIALIZED_AUTOS = YES_AGGRESSIVE;
				GCC_WARN_UNUSED_FUNCTION = YES;
				GCC_WARN_UNUSED_VARIABLE = YES;
				IPHONEOS_DEPLOYMENT_TARGET = 12.1;
				MTL_ENABLE_DEBUG_INFO = NO;
				MTL_FAST_MATH = YES;
				SDKROOT = iphoneos;
				SWIFT_COMPILATION_MODE = wholemodule;
				SWIFT_OPTIMIZATION_LEVEL = "-O";
				VALIDATE_PRODUCT = YES;
			};
			name = Release;
		};
		ACB94BE92242B4320094E978 /* Debug */ = {
			isa = XCBuildConfiguration;
			buildSettings = {
				ASSETCATALOG_COMPILER_APPICON_NAME = AppIcon;
				CODE_SIGN_STYLE = Automatic;
				DEVELOPMENT_TEAM = Z7SHMN27XP;
				INFOPLIST_FILE = iTunesProject/Info.plist;
				LD_RUNPATH_SEARCH_PATHS = (
					"$(inherited)",
					"@executable_path/Frameworks",
				);
				PRODUCT_BUNDLE_IDENTIFIER = ru.gukov.iTunesProject;
				PRODUCT_NAME = "$(TARGET_NAME)";
				SWIFT_VERSION = 4.2;
				TARGETED_DEVICE_FAMILY = "1,2";
			};
			name = Debug;
		};
		ACB94BEA2242B4320094E978 /* Release */ = {
			isa = XCBuildConfiguration;
			buildSettings = {
				ASSETCATALOG_COMPILER_APPICON_NAME = AppIcon;
				CODE_SIGN_STYLE = Automatic;
				DEVELOPMENT_TEAM = Z7SHMN27XP;
				INFOPLIST_FILE = iTunesProject/Info.plist;
				LD_RUNPATH_SEARCH_PATHS = (
					"$(inherited)",
					"@executable_path/Frameworks",
				);
				PRODUCT_BUNDLE_IDENTIFIER = ru.gukov.iTunesProject;
				PRODUCT_NAME = "$(TARGET_NAME)";
				SWIFT_VERSION = 4.2;
				TARGETED_DEVICE_FAMILY = "1,2";
			};
			name = Release;
		};
/* End XCBuildConfiguration section */

/* Begin XCConfigurationList section */
		ACB94BD12242B4310094E978 /* Build configuration list for PBXProject "iTunesProject" */ = {
			isa = XCConfigurationList;
			buildConfigurations = (
				ACB94BE62242B4320094E978 /* Debug */,
				ACB94BE72242B4320094E978 /* Release */,
			);
			defaultConfigurationIsVisible = 0;
			defaultConfigurationName = Release;
		};
		ACB94BE82242B4320094E978 /* Build configuration list for PBXNativeTarget "iTunesProject" */ = {
			isa = XCConfigurationList;
			buildConfigurations = (
				ACB94BE92242B4320094E978 /* Debug */,
				ACB94BEA2242B4320094E978 /* Release */,
			);
			defaultConfigurationIsVisible = 0;
			defaultConfigurationName = Release;
		};
/* End XCConfigurationList section */
	};
	rootObject = ACB94BCE2242B4310094E978 /* Project object */;
}
